
Microsoft Visual Studio Solution File, Format Version 12.00
# Visual Studio 14
VisualStudioVersion = 14.0.25420.1
MinimumVisualStudioVersion = 10.0.40219.1
Project("{FAE04EC0-301F-11D3-BF4B-00C04F79EFBC}") = "epcalipers", "epcalipers\epcalipers.csproj", "{6FA709A0-D676-4F08-B2E9-A30582E78434}"
EndProject
Project("{FAE04EC0-301F-11D3-BF4B-00C04F79EFBC}") = "epcalipersTests", "epcalipersTests\epcalipersTests.csproj", "{B27E06B3-B104-4C19-9253-8E92C01957E4}"
EndProject
Project("{930C7802-8A8C-48F9-8165-68863BCCD9DD}") = "epcalipers-install", "epcalipers-install\epcalipers-install.wixproj", "{143A807E-54C9-4675-B9E3-2AF86BF73149}"
EndProject
Global
	GlobalSection(SolutionConfigurationPlatforms) = preSolution
		Debug|Any CPU = Debug|Any CPU
		Debug|ARM = Debug|ARM
		Debug|x64 = Debug|x64
		Debug|x86 = Debug|x86
		Release|Any CPU = Release|Any CPU
		Release|ARM = Release|ARM
		Release|x64 = Release|x64
		Release|x86 = Release|x86
	EndGlobalSection
	GlobalSection(ProjectConfigurationPlatforms) = postSolution
		{6FA709A0-D676-4F08-B2E9-A30582E78434}.Debug|Any CPU.ActiveCfg = Debug|Any CPU
		{6FA709A0-D676-4F08-B2E9-A30582E78434}.Debug|Any CPU.Build.0 = Debug|Any CPU
		{6FA709A0-D676-4F08-B2E9-A30582E78434}.Debug|ARM.ActiveCfg = Debug|Any CPU
		{6FA709A0-D676-4F08-B2E9-A30582E78434}.Debug|ARM.Build.0 = Debug|Any CPU
		{6FA709A0-D676-4F08-B2E9-A30582E78434}.Debug|x64.ActiveCfg = Debug|Any CPU
		{6FA709A0-D676-4F08-B2E9-A30582E78434}.Debug|x64.Build.0 = Debug|Any CPU
		{6FA709A0-D676-4F08-B2E9-A30582E78434}.Debug|x86.ActiveCfg = Debug|Any CPU
		{6FA709A0-D676-4F08-B2E9-A30582E78434}.Debug|x86.Build.0 = Debug|Any CPU
		{6FA709A0-D676-4F08-B2E9-A30582E78434}.Release|Any CPU.ActiveCfg = Release|Any CPU
		{6FA709A0-D676-4F08-B2E9-A30582E78434}.Release|Any CPU.Build.0 = Release|Any CPU
		{6FA709A0-D676-4F08-B2E9-A30582E78434}.Release|ARM.ActiveCfg = Release|Any CPU
		{6FA709A0-D676-4F08-B2E9-A30582E78434}.Release|ARM.Build.0 = Release|Any CPU
		{6FA709A0-D676-4F08-B2E9-A30582E78434}.Release|x64.ActiveCfg = Release|Any CPU
		{6FA709A0-D676-4F08-B2E9-A30582E78434}.Release|x64.Build.0 = Release|Any CPU
		{6FA709A0-D676-4F08-B2E9-A30582E78434}.Release|x86.ActiveCfg = Release|Any CPU
		{6FA709A0-D676-4F08-B2E9-A30582E78434}.Release|x86.Build.0 = Release|Any CPU
		{B27E06B3-B104-4C19-9253-8E92C01957E4}.Debug|Any CPU.ActiveCfg = Debug|Any CPU
		{B27E06B3-B104-4C19-9253-8E92C01957E4}.Debug|Any CPU.Build.0 = Debug|Any CPU
		{B27E06B3-B104-4C19-9253-8E92C01957E4}.Debug|ARM.ActiveCfg = Debug|Any CPU
		{B27E06B3-B104-4C19-9253-8E92C01957E4}.Debug|ARM.Build.0 = Debug|Any CPU
		{B27E06B3-B104-4C19-9253-8E92C01957E4}.Debug|x64.ActiveCfg = Debug|Any CPU
		{B27E06B3-B104-4C19-9253-8E92C01957E4}.Debug|x64.Build.0 = Debug|Any CPU
		{B27E06B3-B104-4C19-9253-8E92C01957E4}.Debug|x86.ActiveCfg = Debug|Any CPU
		{B27E06B3-B104-4C19-9253-8E92C01957E4}.Debug|x86.Build.0 = Debug|Any CPU
		{B27E06B3-B104-4C19-9253-8E92C01957E4}.Release|Any CPU.ActiveCfg = Release|Any CPU
		{B27E06B3-B104-4C19-9253-8E92C01957E4}.Release|Any CPU.Build.0 = Release|Any CPU
		{B27E06B3-B104-4C19-9253-8E92C01957E4}.Release|ARM.ActiveCfg = Release|Any CPU
		{B27E06B3-B104-4C19-9253-8E92C01957E4}.Release|ARM.Build.0 = Release|Any CPU
		{B27E06B3-B104-4C19-9253-8E92C01957E4}.Release|x64.ActiveCfg = Release|Any CPU
		{B27E06B3-B104-4C19-9253-8E92C01957E4}.Release|x64.Build.0 = Release|Any CPU
		{B27E06B3-B104-4C19-9253-8E92C01957E4}.Release|x86.ActiveCfg = Release|Any CPU
		{B27E06B3-B104-4C19-9253-8E92C01957E4}.Release|x86.Build.0 = Release|Any CPU
		{143A807E-54C9-4675-B9E3-2AF86BF73149}.Debug|Any CPU.ActiveCfg = Debug|x86
		{143A807E-54C9-4675-B9E3-2AF86BF73149}.Debug|ARM.ActiveCfg = Debug|x86
		{143A807E-54C9-4675-B9E3-2AF86BF73149}.Debug|x64.ActiveCfg = Debug|x86
		{143A807E-54C9-4675-B9E3-2AF86BF73149}.Debug|x86.ActiveCfg = Debug|x86
		{143A807E-54C9-4675-B9E3-2AF86BF73149}.Debug|x86.Build.0 = Debug|x86
		{143A807E-54C9-4675-B9E3-2AF86BF73149}.Release|Any CPU.ActiveCfg = Release|x86
		{143A807E-54C9-4675-B9E3-2AF86BF73149}.Release|ARM.ActiveCfg = Release|x86
		{143A807E-54C9-4675-B9E3-2AF86BF73149}.Release|x64.ActiveCfg = Release|x86
		{143A807E-54C9-4675-B9E3-2AF86BF73149}.Release|x86.ActiveCfg = Release|x86
		{143A807E-54C9-4675-B9E3-2AF86BF73149}.Release|x86.Build.0 = Release|x86
	EndGlobalSection
	GlobalSection(SolutionProperties) = preSolution
		HideSolutionNode = FALSE
	EndGlobalSection
EndGlobal
