
Microsoft Visual Studio Solution File, Format Version 12.00
# Visual Studio Version 17
VisualStudioVersion = 17.2.32526.322
MinimumVisualStudioVersion = 10.0.40219.1
Project("{9A19103F-16F7-4668-BE54-9A1E7A4F7556}") = "EPCalipersWinUI3", "EPCalipersWinUI3\EPCalipersWinUI3.csproj", "{172E8116-E5DE-456A-8BB4-52ACD704C1C7}"
EndProject
Project("{9A19103F-16F7-4668-BE54-9A1E7A4F7556}") = "EPCalipersWinUi3Tests", "EPCalipersWinUi3Tests\EPCalipersWinUi3Tests.csproj", "{209994BA-0020-410E-A612-16A9656BBAD6}"
EndProject
Global
	GlobalSection(SolutionConfigurationPlatforms) = preSolution
		Debug|Any CPU = Debug|Any CPU
		Debug|ARM = Debug|ARM
		Debug|ARM64 = Debug|ARM64
		Debug|ia64 = Debug|ia64
		Debug|x64 = Debug|x64
		Debug|x86 = Debug|x86
		Release|Any CPU = Release|Any CPU
		Release|ARM = Release|ARM
		Release|ARM64 = Release|ARM64
		Release|ia64 = Release|ia64
		Release|x64 = Release|x64
		Release|x86 = Release|x86
	EndGlobalSection
	GlobalSection(ProjectConfigurationPlatforms) = postSolution
		{172E8116-E5DE-456A-8BB4-52ACD704C1C7}.Debug|Any CPU.ActiveCfg = Debug|x64
		{172E8116-E5DE-456A-8BB4-52ACD704C1C7}.Debug|Any CPU.Build.0 = Debug|x64
		{172E8116-E5DE-456A-8BB4-52ACD704C1C7}.Debug|Any CPU.Deploy.0 = Debug|x64
		{172E8116-E5DE-456A-8BB4-52ACD704C1C7}.Debug|ARM.ActiveCfg = Debug|ARM64
		{172E8116-E5DE-456A-8BB4-52ACD704C1C7}.Debug|ARM.Build.0 = Debug|ARM64
		{172E8116-E5DE-456A-8BB4-52ACD704C1C7}.Debug|ARM.Deploy.0 = Debug|ARM64
		{172E8116-E5DE-456A-8BB4-52ACD704C1C7}.Debug|ARM64.ActiveCfg = Debug|ARM64
		{172E8116-E5DE-456A-8BB4-52ACD704C1C7}.Debug|ARM64.Build.0 = Debug|ARM64
		{172E8116-E5DE-456A-8BB4-52ACD704C1C7}.Debug|ARM64.Deploy.0 = Debug|ARM64
		{172E8116-E5DE-456A-8BB4-52ACD704C1C7}.Debug|ia64.ActiveCfg = Debug|x64
		{172E8116-E5DE-456A-8BB4-52ACD704C1C7}.Debug|ia64.Build.0 = Debug|x64
		{172E8116-E5DE-456A-8BB4-52ACD704C1C7}.Debug|ia64.Deploy.0 = Debug|x64
		{172E8116-E5DE-456A-8BB4-52ACD704C1C7}.Debug|x64.ActiveCfg = Debug|x64
		{172E8116-E5DE-456A-8BB4-52ACD704C1C7}.Debug|x64.Build.0 = Debug|x64
		{172E8116-E5DE-456A-8BB4-52ACD704C1C7}.Debug|x64.Deploy.0 = Debug|x64
		{172E8116-E5DE-456A-8BB4-52ACD704C1C7}.Debug|x86.ActiveCfg = Debug|x86
		{172E8116-E5DE-456A-8BB4-52ACD704C1C7}.Debug|x86.Build.0 = Debug|x86
		{172E8116-E5DE-456A-8BB4-52ACD704C1C7}.Debug|x86.Deploy.0 = Debug|x86
		{172E8116-E5DE-456A-8BB4-52ACD704C1C7}.Release|Any CPU.ActiveCfg = Release|x64
		{172E8116-E5DE-456A-8BB4-52ACD704C1C7}.Release|Any CPU.Build.0 = Release|x64
		{172E8116-E5DE-456A-8BB4-52ACD704C1C7}.Release|Any CPU.Deploy.0 = Release|x64
		{172E8116-E5DE-456A-8BB4-52ACD704C1C7}.Release|ARM.ActiveCfg = Release|x64
		{172E8116-E5DE-456A-8BB4-52ACD704C1C7}.Release|ARM.Build.0 = Release|x64
		{172E8116-E5DE-456A-8BB4-52ACD704C1C7}.Release|ARM.Deploy.0 = Release|x64
		{172E8116-E5DE-456A-8BB4-52ACD704C1C7}.Release|ARM64.ActiveCfg = Release|ARM64
		{172E8116-E5DE-456A-8BB4-52ACD704C1C7}.Release|ARM64.Build.0 = Release|ARM64
		{172E8116-E5DE-456A-8BB4-52ACD704C1C7}.Release|ARM64.Deploy.0 = Release|ARM64
		{172E8116-E5DE-456A-8BB4-52ACD704C1C7}.Release|ia64.ActiveCfg = Release|x64
		{172E8116-E5DE-456A-8BB4-52ACD704C1C7}.Release|ia64.Build.0 = Release|x64
		{172E8116-E5DE-456A-8BB4-52ACD704C1C7}.Release|ia64.Deploy.0 = Release|x64
		{172E8116-E5DE-456A-8BB4-52ACD704C1C7}.Release|x64.ActiveCfg = Release|x64
		{172E8116-E5DE-456A-8BB4-52ACD704C1C7}.Release|x64.Build.0 = Release|x64
		{172E8116-E5DE-456A-8BB4-52ACD704C1C7}.Release|x64.Deploy.0 = Release|x64
		{172E8116-E5DE-456A-8BB4-52ACD704C1C7}.Release|x86.ActiveCfg = Release|x86
		{172E8116-E5DE-456A-8BB4-52ACD704C1C7}.Release|x86.Build.0 = Release|x86
		{172E8116-E5DE-456A-8BB4-52ACD704C1C7}.Release|x86.Deploy.0 = Release|x86
		{209994BA-0020-410E-A612-16A9656BBAD6}.Debug|Any CPU.ActiveCfg = Debug|x64
		{209994BA-0020-410E-A612-16A9656BBAD6}.Debug|Any CPU.Build.0 = Debug|x64
		{209994BA-0020-410E-A612-16A9656BBAD6}.Debug|ARM.ActiveCfg = Debug|Any CPU
		{209994BA-0020-410E-A612-16A9656BBAD6}.Debug|ARM.Build.0 = Debug|Any CPU
		{209994BA-0020-410E-A612-16A9656BBAD6}.Debug|ARM64.ActiveCfg = Debug|Any CPU
		{209994BA-0020-410E-A612-16A9656BBAD6}.Debug|ARM64.Build.0 = Debug|Any CPU
		{209994BA-0020-410E-A612-16A9656BBAD6}.Debug|ia64.ActiveCfg = Debug|Any CPU
		{209994BA-0020-410E-A612-16A9656BBAD6}.Debug|ia64.Build.0 = Debug|Any CPU
		{209994BA-0020-410E-A612-16A9656BBAD6}.Debug|x64.ActiveCfg = Debug|x64
		{209994BA-0020-410E-A612-16A9656BBAD6}.Debug|x64.Build.0 = Debug|x64
		{209994BA-0020-410E-A612-16A9656BBAD6}.Debug|x86.ActiveCfg = Debug|x86
		{209994BA-0020-410E-A612-16A9656BBAD6}.Debug|x86.Build.0 = Debug|x86
		{209994BA-0020-410E-A612-16A9656BBAD6}.Release|Any CPU.ActiveCfg = Release|Any CPU
		{209994BA-0020-410E-A612-16A9656BBAD6}.Release|Any CPU.Build.0 = Release|Any CPU
		{209994BA-0020-410E-A612-16A9656BBAD6}.Release|ARM.ActiveCfg = Release|Any CPU
		{209994BA-0020-410E-A612-16A9656BBAD6}.Release|ARM.Build.0 = Release|Any CPU
		{209994BA-0020-410E-A612-16A9656BBAD6}.Release|ARM64.ActiveCfg = Release|Any CPU
		{209994BA-0020-410E-A612-16A9656BBAD6}.Release|ARM64.Build.0 = Release|Any CPU
		{209994BA-0020-410E-A612-16A9656BBAD6}.Release|ia64.ActiveCfg = Release|Any CPU
		{209994BA-0020-410E-A612-16A9656BBAD6}.Release|ia64.Build.0 = Release|Any CPU
		{209994BA-0020-410E-A612-16A9656BBAD6}.Release|x64.ActiveCfg = Release|Any CPU
		{209994BA-0020-410E-A612-16A9656BBAD6}.Release|x64.Build.0 = Release|Any CPU
		{209994BA-0020-410E-A612-16A9656BBAD6}.Release|x86.ActiveCfg = Release|Any CPU
		{209994BA-0020-410E-A612-16A9656BBAD6}.Release|x86.Build.0 = Release|Any CPU
	EndGlobalSection
	GlobalSection(SolutionProperties) = preSolution
		HideSolutionNode = FALSE
	EndGlobalSection
	GlobalSection(ExtensibilityGlobals) = postSolution
		SolutionGuid = {96245786-9000-4CB3-B4D2-3637D851AE16}
	EndGlobalSection
EndGlobal
