
Microsoft Visual Studio Solution File, Format Version 12.00
# Visual Studio Version 17
VisualStudioVersion = 17.2.32526.322
MinimumVisualStudioVersion = 10.0.40219.1
Project("{9A19103F-16F7-4668-BE54-9A1E7A4F7556}") = "EPCalipersWinUI3", "EPCalipersWinUI3\EPCalipersWinUI3.csproj", "{172E8116-E5DE-456A-8BB4-52ACD704C1C7}"
EndProject
Project("{9A19103F-16F7-4668-BE54-9A1E7A4F7556}") = "EPCalipersWinUi3Tests", "EPCalipersWinUi3Tests\EPCalipersWinUi3Tests.csproj", "{209994BA-0020-410E-A612-16A9656BBAD6}"
EndProject
Project("{9A19103F-16F7-4668-BE54-9A1E7A4F7556}") = "PdfiumPDFHandler", "WinUI3PDFHandler\PdfiumPDFHandler.csproj", "{1F8C5685-7FD2-48E9-8543-66B7F9C8FC87}"
EndProject
Project("{2150E333-8FDC-42A3-9474-1A3956D46DE8}") = "Solution Items", "Solution Items", "{B36EE51A-ECCF-4329-AC11-67D13E322299}"
	ProjectSection(SolutionItems) = preProject
		.editorconfig = .editorconfig
	EndProjectSection
EndProject
Project("{9A19103F-16F7-4668-BE54-9A1E7A4F7556}") = "PDFHandler", "EPCalipersWinUI3Helpers\PDFHandler.csproj", "{2936AED9-48C2-47D2-BFF5-775DD6B26E52}"
EndProject
Project("{FAE04EC0-301F-11D3-BF4B-00C04F79EFBC}") = "EPCalipersMSTests", "EPCalipersMSTests\EPCalipersMSTests.csproj", "{3327A09D-B9C6-446B-A359-F95C86C96274}"
EndProject
Project("{FAE04EC0-301F-11D3-BF4B-00C04F79EFBC}") = "NewPdfHandler", "NewPdfHandler\NewPdfHandler.csproj", "{79FFAC2A-F891-4DC9-9BB5-A09B4B21CA17}"
EndProject
Global
	GlobalSection(SolutionConfigurationPlatforms) = preSolution
		Debug|Any CPU = Debug|Any CPU
		Debug|ARM = Debug|ARM
		Debug|ARM64 = Debug|ARM64
		Debug|ia64 = Debug|ia64
		Debug|x64 = Debug|x64
		Debug|x86 = Debug|x86
		Release|Any CPU = Release|Any CPU
		Release|ARM = Release|ARM
		Release|ARM64 = Release|ARM64
		Release|ia64 = Release|ia64
		Release|x64 = Release|x64
		Release|x86 = Release|x86
		Test|Any CPU = Test|Any CPU
		Test|ARM = Test|ARM
		Test|ARM64 = Test|ARM64
		Test|ia64 = Test|ia64
		Test|x64 = Test|x64
		Test|x86 = Test|x86
	EndGlobalSection
	GlobalSection(ProjectConfigurationPlatforms) = postSolution
		{172E8116-E5DE-456A-8BB4-52ACD704C1C7}.Debug|Any CPU.ActiveCfg = Debug|Any CPU
		{172E8116-E5DE-456A-8BB4-52ACD704C1C7}.Debug|Any CPU.Build.0 = Debug|Any CPU
		{172E8116-E5DE-456A-8BB4-52ACD704C1C7}.Debug|Any CPU.Deploy.0 = Debug|Any CPU
		{172E8116-E5DE-456A-8BB4-52ACD704C1C7}.Debug|ARM.ActiveCfg = Debug|Any CPU
		{172E8116-E5DE-456A-8BB4-52ACD704C1C7}.Debug|ARM.Build.0 = Debug|Any CPU
		{172E8116-E5DE-456A-8BB4-52ACD704C1C7}.Debug|ARM.Deploy.0 = Debug|Any CPU
		{172E8116-E5DE-456A-8BB4-52ACD704C1C7}.Debug|ARM64.ActiveCfg = Debug|ARM64
		{172E8116-E5DE-456A-8BB4-52ACD704C1C7}.Debug|ARM64.Build.0 = Debug|ARM64
		{172E8116-E5DE-456A-8BB4-52ACD704C1C7}.Debug|ARM64.Deploy.0 = Debug|ARM64
		{172E8116-E5DE-456A-8BB4-52ACD704C1C7}.Debug|ia64.ActiveCfg = Debug|Any CPU
		{172E8116-E5DE-456A-8BB4-52ACD704C1C7}.Debug|ia64.Build.0 = Debug|Any CPU
		{172E8116-E5DE-456A-8BB4-52ACD704C1C7}.Debug|ia64.Deploy.0 = Debug|Any CPU
		{172E8116-E5DE-456A-8BB4-52ACD704C1C7}.Debug|x64.ActiveCfg = Debug|x64
		{172E8116-E5DE-456A-8BB4-52ACD704C1C7}.Debug|x64.Build.0 = Debug|x64
		{172E8116-E5DE-456A-8BB4-52ACD704C1C7}.Debug|x64.Deploy.0 = Debug|x64
		{172E8116-E5DE-456A-8BB4-52ACD704C1C7}.Debug|x86.ActiveCfg = Debug|x86
		{172E8116-E5DE-456A-8BB4-52ACD704C1C7}.Debug|x86.Build.0 = Debug|x86
		{172E8116-E5DE-456A-8BB4-52ACD704C1C7}.Debug|x86.Deploy.0 = Debug|x86
		{172E8116-E5DE-456A-8BB4-52ACD704C1C7}.Release|Any CPU.ActiveCfg = Release|Any CPU
		{172E8116-E5DE-456A-8BB4-52ACD704C1C7}.Release|Any CPU.Build.0 = Release|Any CPU
		{172E8116-E5DE-456A-8BB4-52ACD704C1C7}.Release|Any CPU.Deploy.0 = Release|Any CPU
		{172E8116-E5DE-456A-8BB4-52ACD704C1C7}.Release|ARM.ActiveCfg = Release|Any CPU
		{172E8116-E5DE-456A-8BB4-52ACD704C1C7}.Release|ARM.Build.0 = Release|Any CPU
		{172E8116-E5DE-456A-8BB4-52ACD704C1C7}.Release|ARM.Deploy.0 = Release|Any CPU
		{172E8116-E5DE-456A-8BB4-52ACD704C1C7}.Release|ARM64.ActiveCfg = Release|ARM64
		{172E8116-E5DE-456A-8BB4-52ACD704C1C7}.Release|ARM64.Build.0 = Release|ARM64
		{172E8116-E5DE-456A-8BB4-52ACD704C1C7}.Release|ARM64.Deploy.0 = Release|ARM64
		{172E8116-E5DE-456A-8BB4-52ACD704C1C7}.Release|ia64.ActiveCfg = Release|Any CPU
		{172E8116-E5DE-456A-8BB4-52ACD704C1C7}.Release|ia64.Build.0 = Release|Any CPU
		{172E8116-E5DE-456A-8BB4-52ACD704C1C7}.Release|ia64.Deploy.0 = Release|Any CPU
		{172E8116-E5DE-456A-8BB4-52ACD704C1C7}.Release|x64.ActiveCfg = Release|x64
		{172E8116-E5DE-456A-8BB4-52ACD704C1C7}.Release|x64.Build.0 = Release|x64
		{172E8116-E5DE-456A-8BB4-52ACD704C1C7}.Release|x64.Deploy.0 = Release|x64
		{172E8116-E5DE-456A-8BB4-52ACD704C1C7}.Release|x86.ActiveCfg = Release|x86
		{172E8116-E5DE-456A-8BB4-52ACD704C1C7}.Release|x86.Build.0 = Release|x86
		{172E8116-E5DE-456A-8BB4-52ACD704C1C7}.Release|x86.Deploy.0 = Release|x86
		{172E8116-E5DE-456A-8BB4-52ACD704C1C7}.Test|Any CPU.ActiveCfg = Test|x64
		{172E8116-E5DE-456A-8BB4-52ACD704C1C7}.Test|Any CPU.Build.0 = Test|x64
		{172E8116-E5DE-456A-8BB4-52ACD704C1C7}.Test|Any CPU.Deploy.0 = Test|x64
		{172E8116-E5DE-456A-8BB4-52ACD704C1C7}.Test|ARM.ActiveCfg = Test|x64
		{172E8116-E5DE-456A-8BB4-52ACD704C1C7}.Test|ARM.Build.0 = Test|x64
		{172E8116-E5DE-456A-8BB4-52ACD704C1C7}.Test|ARM.Deploy.0 = Test|x64
		{172E8116-E5DE-456A-8BB4-52ACD704C1C7}.Test|ARM64.ActiveCfg = Test|ARM64
		{172E8116-E5DE-456A-8BB4-52ACD704C1C7}.Test|ARM64.Build.0 = Test|ARM64
		{172E8116-E5DE-456A-8BB4-52ACD704C1C7}.Test|ARM64.Deploy.0 = Test|ARM64
		{172E8116-E5DE-456A-8BB4-52ACD704C1C7}.Test|ia64.ActiveCfg = Test|x64
		{172E8116-E5DE-456A-8BB4-52ACD704C1C7}.Test|ia64.Build.0 = Test|x64
		{172E8116-E5DE-456A-8BB4-52ACD704C1C7}.Test|ia64.Deploy.0 = Test|x64
		{172E8116-E5DE-456A-8BB4-52ACD704C1C7}.Test|x64.ActiveCfg = Test|x64
		{172E8116-E5DE-456A-8BB4-52ACD704C1C7}.Test|x64.Build.0 = Test|x64
		{172E8116-E5DE-456A-8BB4-52ACD704C1C7}.Test|x64.Deploy.0 = Test|x64
		{172E8116-E5DE-456A-8BB4-52ACD704C1C7}.Test|x86.ActiveCfg = Test|x86
		{172E8116-E5DE-456A-8BB4-52ACD704C1C7}.Test|x86.Build.0 = Test|x86
		{172E8116-E5DE-456A-8BB4-52ACD704C1C7}.Test|x86.Deploy.0 = Test|x86
		{209994BA-0020-410E-A612-16A9656BBAD6}.Debug|Any CPU.ActiveCfg = Debug|Any CPU
		{209994BA-0020-410E-A612-16A9656BBAD6}.Debug|Any CPU.Build.0 = Debug|Any CPU
		{209994BA-0020-410E-A612-16A9656BBAD6}.Debug|ARM.ActiveCfg = Debug|x64
		{209994BA-0020-410E-A612-16A9656BBAD6}.Debug|ARM.Build.0 = Debug|x64
		{209994BA-0020-410E-A612-16A9656BBAD6}.Debug|ARM64.ActiveCfg = Debug|ARM64
		{209994BA-0020-410E-A612-16A9656BBAD6}.Debug|ARM64.Build.0 = Debug|ARM64
		{209994BA-0020-410E-A612-16A9656BBAD6}.Debug|ia64.ActiveCfg = Debug|x64
		{209994BA-0020-410E-A612-16A9656BBAD6}.Debug|ia64.Build.0 = Debug|x64
		{209994BA-0020-410E-A612-16A9656BBAD6}.Debug|x64.ActiveCfg = Debug|x64
		{209994BA-0020-410E-A612-16A9656BBAD6}.Debug|x64.Build.0 = Debug|x64
		{209994BA-0020-410E-A612-16A9656BBAD6}.Debug|x86.ActiveCfg = Debug|x86
		{209994BA-0020-410E-A612-16A9656BBAD6}.Debug|x86.Build.0 = Debug|x86
		{209994BA-0020-410E-A612-16A9656BBAD6}.Release|Any CPU.ActiveCfg = Release|x64
		{209994BA-0020-410E-A612-16A9656BBAD6}.Release|Any CPU.Build.0 = Release|x64
		{209994BA-0020-410E-A612-16A9656BBAD6}.Release|ARM.ActiveCfg = Release|x64
		{209994BA-0020-410E-A612-16A9656BBAD6}.Release|ARM.Build.0 = Release|x64
		{209994BA-0020-410E-A612-16A9656BBAD6}.Release|ARM64.ActiveCfg = Release|Any CPU
		{209994BA-0020-410E-A612-16A9656BBAD6}.Release|ia64.ActiveCfg = Release|x64
		{209994BA-0020-410E-A612-16A9656BBAD6}.Release|ia64.Build.0 = Release|x64
		{209994BA-0020-410E-A612-16A9656BBAD6}.Release|x64.ActiveCfg = Release|x64
		{209994BA-0020-410E-A612-16A9656BBAD6}.Release|x86.ActiveCfg = Release|x86
		{209994BA-0020-410E-A612-16A9656BBAD6}.Test|Any CPU.ActiveCfg = Test|ARM32
		{209994BA-0020-410E-A612-16A9656BBAD6}.Test|Any CPU.Build.0 = Test|ARM32
		{209994BA-0020-410E-A612-16A9656BBAD6}.Test|ARM.ActiveCfg = Test|Any CPU
		{209994BA-0020-410E-A612-16A9656BBAD6}.Test|ARM.Build.0 = Test|Any CPU
		{209994BA-0020-410E-A612-16A9656BBAD6}.Test|ARM64.ActiveCfg = Test|Any CPU
		{209994BA-0020-410E-A612-16A9656BBAD6}.Test|ia64.ActiveCfg = Test|Any CPU
		{209994BA-0020-410E-A612-16A9656BBAD6}.Test|ia64.Build.0 = Test|Any CPU
		{209994BA-0020-410E-A612-16A9656BBAD6}.Test|x64.ActiveCfg = Test|x64
		{209994BA-0020-410E-A612-16A9656BBAD6}.Test|x64.Build.0 = Test|x64
		{209994BA-0020-410E-A612-16A9656BBAD6}.Test|x86.ActiveCfg = Test|x86
		{209994BA-0020-410E-A612-16A9656BBAD6}.Test|x86.Build.0 = Test|x86
		{1F8C5685-7FD2-48E9-8543-66B7F9C8FC87}.Debug|Any CPU.ActiveCfg = Debug|Any CPU
		{1F8C5685-7FD2-48E9-8543-66B7F9C8FC87}.Debug|Any CPU.Build.0 = Debug|Any CPU
		{1F8C5685-7FD2-48E9-8543-66B7F9C8FC87}.Debug|ARM.ActiveCfg = Debug|Any CPU
		{1F8C5685-7FD2-48E9-8543-66B7F9C8FC87}.Debug|ARM.Build.0 = Debug|Any CPU
		{1F8C5685-7FD2-48E9-8543-66B7F9C8FC87}.Debug|ARM64.ActiveCfg = Debug|ARM64
		{1F8C5685-7FD2-48E9-8543-66B7F9C8FC87}.Debug|ia64.ActiveCfg = Debug|Any CPU
		{1F8C5685-7FD2-48E9-8543-66B7F9C8FC87}.Debug|ia64.Build.0 = Debug|Any CPU
		{1F8C5685-7FD2-48E9-8543-66B7F9C8FC87}.Debug|x64.ActiveCfg = Debug|x64
		{1F8C5685-7FD2-48E9-8543-66B7F9C8FC87}.Debug|x64.Build.0 = Debug|x64
		{1F8C5685-7FD2-48E9-8543-66B7F9C8FC87}.Debug|x86.ActiveCfg = Debug|x86
		{1F8C5685-7FD2-48E9-8543-66B7F9C8FC87}.Debug|x86.Build.0 = Debug|x86
		{1F8C5685-7FD2-48E9-8543-66B7F9C8FC87}.Release|Any CPU.ActiveCfg = Release|Any CPU
		{1F8C5685-7FD2-48E9-8543-66B7F9C8FC87}.Release|Any CPU.Build.0 = Release|Any CPU
		{1F8C5685-7FD2-48E9-8543-66B7F9C8FC87}.Release|ARM.ActiveCfg = Release|Any CPU
		{1F8C5685-7FD2-48E9-8543-66B7F9C8FC87}.Release|ARM.Build.0 = Release|Any CPU
		{1F8C5685-7FD2-48E9-8543-66B7F9C8FC87}.Release|ARM64.ActiveCfg = Release|Any CPU
		{1F8C5685-7FD2-48E9-8543-66B7F9C8FC87}.Release|ia64.ActiveCfg = Release|Any CPU
		{1F8C5685-7FD2-48E9-8543-66B7F9C8FC87}.Release|ia64.Build.0 = Release|Any CPU
		{1F8C5685-7FD2-48E9-8543-66B7F9C8FC87}.Release|x64.ActiveCfg = Release|x64
		{1F8C5685-7FD2-48E9-8543-66B7F9C8FC87}.Release|x64.Build.0 = Release|x64
		{1F8C5685-7FD2-48E9-8543-66B7F9C8FC87}.Release|x86.ActiveCfg = Release|x86
		{1F8C5685-7FD2-48E9-8543-66B7F9C8FC87}.Release|x86.Build.0 = Release|x86
		{1F8C5685-7FD2-48E9-8543-66B7F9C8FC87}.Test|Any CPU.ActiveCfg = Test|x86
		{1F8C5685-7FD2-48E9-8543-66B7F9C8FC87}.Test|ARM.ActiveCfg = Test|x86
		{1F8C5685-7FD2-48E9-8543-66B7F9C8FC87}.Test|ARM64.ActiveCfg = Test|x86
		{1F8C5685-7FD2-48E9-8543-66B7F9C8FC87}.Test|ia64.ActiveCfg = Test|x86
		{1F8C5685-7FD2-48E9-8543-66B7F9C8FC87}.Test|x64.ActiveCfg = Test|x64
		{1F8C5685-7FD2-48E9-8543-66B7F9C8FC87}.Test|x86.ActiveCfg = Test|x86
		{1F8C5685-7FD2-48E9-8543-66B7F9C8FC87}.Test|x86.Build.0 = Test|x86
		{2936AED9-48C2-47D2-BFF5-775DD6B26E52}.Debug|Any CPU.ActiveCfg = Debug|x64
		{2936AED9-48C2-47D2-BFF5-775DD6B26E52}.Debug|Any CPU.Build.0 = Debug|x64
		{2936AED9-48C2-47D2-BFF5-775DD6B26E52}.Debug|ARM.ActiveCfg = Debug|x64
		{2936AED9-48C2-47D2-BFF5-775DD6B26E52}.Debug|ARM.Build.0 = Debug|x64
		{2936AED9-48C2-47D2-BFF5-775DD6B26E52}.Debug|ARM64.ActiveCfg = Debug|ARM64
		{2936AED9-48C2-47D2-BFF5-775DD6B26E52}.Debug|ARM64.Build.0 = Debug|ARM64
		{2936AED9-48C2-47D2-BFF5-775DD6B26E52}.Debug|ia64.ActiveCfg = Debug|x64
		{2936AED9-48C2-47D2-BFF5-775DD6B26E52}.Debug|ia64.Build.0 = Debug|x64
		{2936AED9-48C2-47D2-BFF5-775DD6B26E52}.Debug|x64.ActiveCfg = Debug|x64
		{2936AED9-48C2-47D2-BFF5-775DD6B26E52}.Debug|x64.Build.0 = Debug|x64
		{2936AED9-48C2-47D2-BFF5-775DD6B26E52}.Debug|x86.ActiveCfg = Debug|x86
		{2936AED9-48C2-47D2-BFF5-775DD6B26E52}.Debug|x86.Build.0 = Debug|x86
		{2936AED9-48C2-47D2-BFF5-775DD6B26E52}.Release|Any CPU.ActiveCfg = Release|x64
		{2936AED9-48C2-47D2-BFF5-775DD6B26E52}.Release|Any CPU.Build.0 = Release|x64
		{2936AED9-48C2-47D2-BFF5-775DD6B26E52}.Release|ARM.ActiveCfg = Release|x64
		{2936AED9-48C2-47D2-BFF5-775DD6B26E52}.Release|ARM.Build.0 = Release|x64
		{2936AED9-48C2-47D2-BFF5-775DD6B26E52}.Release|ARM64.ActiveCfg = Release|ARM64
		{2936AED9-48C2-47D2-BFF5-775DD6B26E52}.Release|ARM64.Build.0 = Release|ARM64
		{2936AED9-48C2-47D2-BFF5-775DD6B26E52}.Release|ia64.ActiveCfg = Release|x64
		{2936AED9-48C2-47D2-BFF5-775DD6B26E52}.Release|ia64.Build.0 = Release|x64
		{2936AED9-48C2-47D2-BFF5-775DD6B26E52}.Release|x64.ActiveCfg = Release|x64
		{2936AED9-48C2-47D2-BFF5-775DD6B26E52}.Release|x64.Build.0 = Release|x64
		{2936AED9-48C2-47D2-BFF5-775DD6B26E52}.Release|x86.ActiveCfg = Release|x86
		{2936AED9-48C2-47D2-BFF5-775DD6B26E52}.Release|x86.Build.0 = Release|x86
		{2936AED9-48C2-47D2-BFF5-775DD6B26E52}.Test|Any CPU.ActiveCfg = Test|x64
		{2936AED9-48C2-47D2-BFF5-775DD6B26E52}.Test|Any CPU.Build.0 = Test|x64
		{2936AED9-48C2-47D2-BFF5-775DD6B26E52}.Test|ARM.ActiveCfg = Test|x64
		{2936AED9-48C2-47D2-BFF5-775DD6B26E52}.Test|ARM.Build.0 = Test|x64
		{2936AED9-48C2-47D2-BFF5-775DD6B26E52}.Test|ARM64.ActiveCfg = Test|ARM64
		{2936AED9-48C2-47D2-BFF5-775DD6B26E52}.Test|ARM64.Build.0 = Test|ARM64
		{2936AED9-48C2-47D2-BFF5-775DD6B26E52}.Test|ia64.ActiveCfg = Test|x64
		{2936AED9-48C2-47D2-BFF5-775DD6B26E52}.Test|ia64.Build.0 = Test|x64
		{2936AED9-48C2-47D2-BFF5-775DD6B26E52}.Test|x64.ActiveCfg = Test|x64
		{2936AED9-48C2-47D2-BFF5-775DD6B26E52}.Test|x64.Build.0 = Test|x64
		{2936AED9-48C2-47D2-BFF5-775DD6B26E52}.Test|x86.ActiveCfg = Test|x86
		{2936AED9-48C2-47D2-BFF5-775DD6B26E52}.Test|x86.Build.0 = Test|x86
		{3327A09D-B9C6-446B-A359-F95C86C96274}.Debug|Any CPU.ActiveCfg = Debug|x64
		{3327A09D-B9C6-446B-A359-F95C86C96274}.Debug|Any CPU.Build.0 = Debug|x64
		{3327A09D-B9C6-446B-A359-F95C86C96274}.Debug|Any CPU.Deploy.0 = Debug|x64
		{3327A09D-B9C6-446B-A359-F95C86C96274}.Debug|ARM.ActiveCfg = Debug|x64
		{3327A09D-B9C6-446B-A359-F95C86C96274}.Debug|ARM.Build.0 = Debug|x64
		{3327A09D-B9C6-446B-A359-F95C86C96274}.Debug|ARM.Deploy.0 = Debug|x64
		{3327A09D-B9C6-446B-A359-F95C86C96274}.Debug|ARM64.ActiveCfg = Debug|ARM64
		{3327A09D-B9C6-446B-A359-F95C86C96274}.Debug|ARM64.Build.0 = Debug|ARM64
		{3327A09D-B9C6-446B-A359-F95C86C96274}.Debug|ARM64.Deploy.0 = Debug|ARM64
		{3327A09D-B9C6-446B-A359-F95C86C96274}.Debug|ia64.ActiveCfg = Debug|x64
		{3327A09D-B9C6-446B-A359-F95C86C96274}.Debug|ia64.Build.0 = Debug|x64
		{3327A09D-B9C6-446B-A359-F95C86C96274}.Debug|ia64.Deploy.0 = Debug|x64
		{3327A09D-B9C6-446B-A359-F95C86C96274}.Debug|x64.ActiveCfg = Debug|x64
		{3327A09D-B9C6-446B-A359-F95C86C96274}.Debug|x64.Build.0 = Debug|x64
		{3327A09D-B9C6-446B-A359-F95C86C96274}.Debug|x86.ActiveCfg = Debug|x86
		{3327A09D-B9C6-446B-A359-F95C86C96274}.Debug|x86.Build.0 = Debug|x86
		{3327A09D-B9C6-446B-A359-F95C86C96274}.Debug|x86.Deploy.0 = Debug|x86
		{3327A09D-B9C6-446B-A359-F95C86C96274}.Release|Any CPU.ActiveCfg = Release|x64
		{3327A09D-B9C6-446B-A359-F95C86C96274}.Release|Any CPU.Build.0 = Release|x64
		{3327A09D-B9C6-446B-A359-F95C86C96274}.Release|Any CPU.Deploy.0 = Release|x64
		{3327A09D-B9C6-446B-A359-F95C86C96274}.Release|ARM.ActiveCfg = Release|x64
		{3327A09D-B9C6-446B-A359-F95C86C96274}.Release|ARM.Build.0 = Release|x64
		{3327A09D-B9C6-446B-A359-F95C86C96274}.Release|ARM.Deploy.0 = Release|x64
		{3327A09D-B9C6-446B-A359-F95C86C96274}.Release|ARM64.ActiveCfg = Release|ARM64
		{3327A09D-B9C6-446B-A359-F95C86C96274}.Release|ARM64.Build.0 = Release|ARM64
		{3327A09D-B9C6-446B-A359-F95C86C96274}.Release|ARM64.Deploy.0 = Release|ARM64
		{3327A09D-B9C6-446B-A359-F95C86C96274}.Release|ia64.ActiveCfg = Release|x64
		{3327A09D-B9C6-446B-A359-F95C86C96274}.Release|ia64.Build.0 = Release|x64
		{3327A09D-B9C6-446B-A359-F95C86C96274}.Release|ia64.Deploy.0 = Release|x64
		{3327A09D-B9C6-446B-A359-F95C86C96274}.Release|x64.ActiveCfg = Release|x64
		{3327A09D-B9C6-446B-A359-F95C86C96274}.Release|x64.Build.0 = Release|x64
		{3327A09D-B9C6-446B-A359-F95C86C96274}.Release|x64.Deploy.0 = Release|x64
		{3327A09D-B9C6-446B-A359-F95C86C96274}.Release|x86.ActiveCfg = Release|x86
		{3327A09D-B9C6-446B-A359-F95C86C96274}.Release|x86.Build.0 = Release|x86
		{3327A09D-B9C6-446B-A359-F95C86C96274}.Release|x86.Deploy.0 = Release|x86
		{3327A09D-B9C6-446B-A359-F95C86C96274}.Test|Any CPU.ActiveCfg = Debug|x64
		{3327A09D-B9C6-446B-A359-F95C86C96274}.Test|Any CPU.Build.0 = Debug|x64
		{3327A09D-B9C6-446B-A359-F95C86C96274}.Test|Any CPU.Deploy.0 = Debug|x64
		{3327A09D-B9C6-446B-A359-F95C86C96274}.Test|ARM.ActiveCfg = Debug|x64
		{3327A09D-B9C6-446B-A359-F95C86C96274}.Test|ARM.Build.0 = Debug|x64
		{3327A09D-B9C6-446B-A359-F95C86C96274}.Test|ARM.Deploy.0 = Debug|x64
		{3327A09D-B9C6-446B-A359-F95C86C96274}.Test|ARM64.ActiveCfg = Debug|ARM64
		{3327A09D-B9C6-446B-A359-F95C86C96274}.Test|ARM64.Build.0 = Debug|ARM64
		{3327A09D-B9C6-446B-A359-F95C86C96274}.Test|ARM64.Deploy.0 = Debug|ARM64
		{3327A09D-B9C6-446B-A359-F95C86C96274}.Test|ia64.ActiveCfg = Debug|x64
		{3327A09D-B9C6-446B-A359-F95C86C96274}.Test|ia64.Build.0 = Debug|x64
		{3327A09D-B9C6-446B-A359-F95C86C96274}.Test|ia64.Deploy.0 = Debug|x64
		{3327A09D-B9C6-446B-A359-F95C86C96274}.Test|x64.ActiveCfg = Debug|x64
		{3327A09D-B9C6-446B-A359-F95C86C96274}.Test|x64.Build.0 = Debug|x64
		{3327A09D-B9C6-446B-A359-F95C86C96274}.Test|x64.Deploy.0 = Debug|x64
		{3327A09D-B9C6-446B-A359-F95C86C96274}.Test|x86.ActiveCfg = Debug|x86
		{3327A09D-B9C6-446B-A359-F95C86C96274}.Test|x86.Build.0 = Debug|x86
		{3327A09D-B9C6-446B-A359-F95C86C96274}.Test|x86.Deploy.0 = Debug|x86
		{79FFAC2A-F891-4DC9-9BB5-A09B4B21CA17}.Debug|Any CPU.ActiveCfg = Debug|Any CPU
		{79FFAC2A-F891-4DC9-9BB5-A09B4B21CA17}.Debug|Any CPU.Build.0 = Debug|Any CPU
		{79FFAC2A-F891-4DC9-9BB5-A09B4B21CA17}.Debug|ARM.ActiveCfg = Debug|Any CPU
		{79FFAC2A-F891-4DC9-9BB5-A09B4B21CA17}.Debug|ARM.Build.0 = Debug|Any CPU
		{79FFAC2A-F891-4DC9-9BB5-A09B4B21CA17}.Debug|ARM64.ActiveCfg = Debug|Any CPU
		{79FFAC2A-F891-4DC9-9BB5-A09B4B21CA17}.Debug|ARM64.Build.0 = Debug|Any CPU
		{79FFAC2A-F891-4DC9-9BB5-A09B4B21CA17}.Debug|ia64.ActiveCfg = Debug|Any CPU
		{79FFAC2A-F891-4DC9-9BB5-A09B4B21CA17}.Debug|ia64.Build.0 = Debug|Any CPU
		{79FFAC2A-F891-4DC9-9BB5-A09B4B21CA17}.Debug|x64.ActiveCfg = Debug|Any CPU
		{79FFAC2A-F891-4DC9-9BB5-A09B4B21CA17}.Debug|x64.Build.0 = Debug|Any CPU
		{79FFAC2A-F891-4DC9-9BB5-A09B4B21CA17}.Debug|x86.ActiveCfg = Debug|Any CPU
		{79FFAC2A-F891-4DC9-9BB5-A09B4B21CA17}.Debug|x86.Build.0 = Debug|Any CPU
		{79FFAC2A-F891-4DC9-9BB5-A09B4B21CA17}.Release|Any CPU.ActiveCfg = Release|Any CPU
		{79FFAC2A-F891-4DC9-9BB5-A09B4B21CA17}.Release|Any CPU.Build.0 = Release|Any CPU
		{79FFAC2A-F891-4DC9-9BB5-A09B4B21CA17}.Release|ARM.ActiveCfg = Release|Any CPU
		{79FFAC2A-F891-4DC9-9BB5-A09B4B21CA17}.Release|ARM.Build.0 = Release|Any CPU
		{79FFAC2A-F891-4DC9-9BB5-A09B4B21CA17}.Release|ARM64.ActiveCfg = Release|Any CPU
		{79FFAC2A-F891-4DC9-9BB5-A09B4B21CA17}.Release|ARM64.Build.0 = Release|Any CPU
		{79FFAC2A-F891-4DC9-9BB5-A09B4B21CA17}.Release|ia64.ActiveCfg = Release|Any CPU
		{79FFAC2A-F891-4DC9-9BB5-A09B4B21CA17}.Release|ia64.Build.0 = Release|Any CPU
		{79FFAC2A-F891-4DC9-9BB5-A09B4B21CA17}.Release|x64.ActiveCfg = Release|Any CPU
		{79FFAC2A-F891-4DC9-9BB5-A09B4B21CA17}.Release|x64.Build.0 = Release|Any CPU
		{79FFAC2A-F891-4DC9-9BB5-A09B4B21CA17}.Release|x86.ActiveCfg = Release|Any CPU
		{79FFAC2A-F891-4DC9-9BB5-A09B4B21CA17}.Release|x86.Build.0 = Release|Any CPU
		{79FFAC2A-F891-4DC9-9BB5-A09B4B21CA17}.Test|Any CPU.ActiveCfg = Debug|Any CPU
		{79FFAC2A-F891-4DC9-9BB5-A09B4B21CA17}.Test|Any CPU.Build.0 = Debug|Any CPU
		{79FFAC2A-F891-4DC9-9BB5-A09B4B21CA17}.Test|ARM.ActiveCfg = Debug|Any CPU
		{79FFAC2A-F891-4DC9-9BB5-A09B4B21CA17}.Test|ARM.Build.0 = Debug|Any CPU
		{79FFAC2A-F891-4DC9-9BB5-A09B4B21CA17}.Test|ARM64.ActiveCfg = Debug|Any CPU
		{79FFAC2A-F891-4DC9-9BB5-A09B4B21CA17}.Test|ARM64.Build.0 = Debug|Any CPU
		{79FFAC2A-F891-4DC9-9BB5-A09B4B21CA17}.Test|ia64.ActiveCfg = Debug|Any CPU
		{79FFAC2A-F891-4DC9-9BB5-A09B4B21CA17}.Test|ia64.Build.0 = Debug|Any CPU
		{79FFAC2A-F891-4DC9-9BB5-A09B4B21CA17}.Test|x64.ActiveCfg = Debug|Any CPU
		{79FFAC2A-F891-4DC9-9BB5-A09B4B21CA17}.Test|x64.Build.0 = Debug|Any CPU
		{79FFAC2A-F891-4DC9-9BB5-A09B4B21CA17}.Test|x86.ActiveCfg = Debug|Any CPU
		{79FFAC2A-F891-4DC9-9BB5-A09B4B21CA17}.Test|x86.Build.0 = Debug|Any CPU
	EndGlobalSection
	GlobalSection(SolutionProperties) = preSolution
		HideSolutionNode = FALSE
	EndGlobalSection
	GlobalSection(ExtensibilityGlobals) = postSolution
		SolutionGuid = {96245786-9000-4CB3-B4D2-3637D851AE16}
	EndGlobalSection
EndGlobal
